
Microsoft Visual Studio Solution File, Format Version 12.00
# Visual Studio Express 2012 for Windows Desktop
Project("{FAE04EC0-301F-11D3-BF4B-00C04F79EFBC}") = "RileyDwgPublisher", "RileyDwgPublisher\RileyDwgPublisher.csproj", "{7E046E52-EE2D-442D-8258-CE6BC5896E55}"
EndProject
Global
	GlobalSection(SolutionConfigurationPlatforms) = preSolution
		Debug|Any CPU = Debug|Any CPU
		Release|Any CPU = Release|Any CPU
	EndGlobalSection
	GlobalSection(ProjectConfigurationPlatforms) = postSolution
		{7E046E52-EE2D-442D-8258-CE6BC5896E55}.Debug|Any CPU.ActiveCfg = Debug|Any CPU
		{7E046E52-EE2D-442D-8258-CE6BC5896E55}.Debug|Any CPU.Build.0 = Debug|Any CPU
		{7E046E52-EE2D-442D-8258-CE6BC5896E55}.Release|Any CPU.ActiveCfg = Release|Any CPU
		{7E046E52-EE2D-442D-8258-CE6BC5896E55}.Release|Any CPU.Build.0 = Release|Any CPU
	EndGlobalSection
	GlobalSection(SolutionProperties) = preSolution
		HideSolutionNode = FALSE
	EndGlobalSection
EndGlobal
